// !$*UTF8*$!
{
	archiveVersion = 1;
	classes = {
	};
	objectVersion = 46;
	objects = {

/* Begin PBXBuildFile section */
		FE03CB45186FA95900A8A399 /* Foundation.framework in Frameworks */ = {isa = PBXBuildFile; fileRef = FE03CB44186FA95900A8A399 /* Foundation.framework */; };
		FE03CB47186FA95900A8A399 /* CoreGraphics.framework in Frameworks */ = {isa = PBXBuildFile; fileRef = FE03CB46186FA95900A8A399 /* CoreGraphics.framework */; };
		FE03CB49186FA95900A8A399 /* UIKit.framework in Frameworks */ = {isa = PBXBuildFile; fileRef = FE03CB48186FA95900A8A399 /* UIKit.framework */; };
		FE03CB4F186FA95900A8A399 /* InfoPlist.strings in Resources */ = {isa = PBXBuildFile; fileRef = FE03CB4D186FA95900A8A399 /* InfoPlist.strings */; };
		FE03CB51186FA95900A8A399 /* main.m in Sources */ = {isa = PBXBuildFile; fileRef = FE03CB50186FA95900A8A399 /* main.m */; };
		FE03CB55186FA95900A8A399 /* AppDelegate.m in Sources */ = {isa = PBXBuildFile; fileRef = FE03CB54186FA95900A8A399 /* AppDelegate.m */; };
		FE03CB58186FA95900A8A399 /* Main.storyboard in Resources */ = {isa = PBXBuildFile; fileRef = FE03CB56186FA95900A8A399 /* Main.storyboard */; };
		FE03CB5B186FA95900A8A399 /* DemoViewController.m in Sources */ = {isa = PBXBuildFile; fileRef = FE03CB5A186FA95900A8A399 /* DemoViewController.m */; };
		FE03CB5D186FA95900A8A399 /* Images.xcassets in Resources */ = {isa = PBXBuildFile; fileRef = FE03CB5C186FA95900A8A399 /* Images.xcassets */; };
		FE03CB64186FA95900A8A399 /* XCTest.framework in Frameworks */ = {isa = PBXBuildFile; fileRef = FE03CB63186FA95900A8A399 /* XCTest.framework */; };
		FE03CB65186FA95900A8A399 /* Foundation.framework in Frameworks */ = {isa = PBXBuildFile; fileRef = FE03CB44186FA95900A8A399 /* Foundation.framework */; };
		FE03CB66186FA95900A8A399 /* UIKit.framework in Frameworks */ = {isa = PBXBuildFile; fileRef = FE03CB48186FA95900A8A399 /* UIKit.framework */; };
		FE03CB6E186FA95900A8A399 /* InfoPlist.strings in Resources */ = {isa = PBXBuildFile; fileRef = FE03CB6C186FA95900A8A399 /* InfoPlist.strings */; };
		FE03CB70186FA95900A8A399 /* MBInfinitePagingViewTests.m in Sources */ = {isa = PBXBuildFile; fileRef = FE03CB6F186FA95900A8A399 /* MBInfinitePagingViewTests.m */; };
		FE03CB7B186FAE4400A8A399 /* MBInfinitePaingView.m in Sources */ = {isa = PBXBuildFile; fileRef = FE03CB7A186FAE4400A8A399 /* MBInfinitePaingView.m */; };
		FE146C7C18713A3200544F1D /* MBPagingViewItem.m in Sources */ = {isa = PBXBuildFile; fileRef = FE146C7B18713A3200544F1D /* MBPagingViewItem.m */; };
/* End PBXBuildFile section */

/* Begin PBXContainerItemProxy section */
		FE03CB67186FA95900A8A399 /* PBXContainerItemProxy */ = {
			isa = PBXContainerItemProxy;
			containerPortal = FE03CB39186FA95900A8A399 /* Project object */;
			proxyType = 1;
			remoteGlobalIDString = FE03CB40186FA95900A8A399;
			remoteInfo = MBInfinitePagingView;
		};
/* End PBXContainerItemProxy section */

/* Begin PBXFileReference section */
		FE03CB41186FA95900A8A399 /* MBInfinitePagingView.app */ = {isa = PBXFileReference; explicitFileType = wrapper.application; includeInIndex = 0; path = MBInfinitePagingView.app; sourceTree = BUILT_PRODUCTS_DIR; };
		FE03CB44186FA95900A8A399 /* Foundation.framework */ = {isa = PBXFileReference; lastKnownFileType = wrapper.framework; name = Foundation.framework; path = System/Library/Frameworks/Foundation.framework; sourceTree = SDKROOT; };
		FE03CB46186FA95900A8A399 /* CoreGraphics.framework */ = {isa = PBXFileReference; lastKnownFileType = wrapper.framework; name = CoreGraphics.framework; path = System/Library/Frameworks/CoreGraphics.framework; sourceTree = SDKROOT; };
		FE03CB48186FA95900A8A399 /* UIKit.framework */ = {isa = PBXFileReference; lastKnownFileType = wrapper.framework; name = UIKit.framework; path = System/Library/Frameworks/UIKit.framework; sourceTree = SDKROOT; };
		FE03CB4C186FA95900A8A399 /* MBInfinitePagingView-Info.plist */ = {isa = PBXFileReference; lastKnownFileType = text.plist.xml; path = "MBInfinitePagingView-Info.plist"; sourceTree = "<group>"; };
		FE03CB4E186FA95900A8A399 /* en */ = {isa = PBXFileReference; lastKnownFileType = text.plist.strings; name = en; path = en.lproj/InfoPlist.strings; sourceTree = "<group>"; };
		FE03CB50186FA95900A8A399 /* main.m */ = {isa = PBXFileReference; lastKnownFileType = sourcecode.c.objc; path = main.m; sourceTree = "<group>"; };
		FE03CB52186FA95900A8A399 /* MBInfinitePagingView-Prefix.pch */ = {isa = PBXFileReference; lastKnownFileType = sourcecode.c.h; path = "MBInfinitePagingView-Prefix.pch"; sourceTree = "<group>"; };
		FE03CB53186FA95900A8A399 /* AppDelegate.h */ = {isa = PBXFileReference; lastKnownFileType = sourcecode.c.h; path = AppDelegate.h; sourceTree = "<group>"; };
		FE03CB54186FA95900A8A399 /* AppDelegate.m */ = {isa = PBXFileReference; lastKnownFileType = sourcecode.c.objc; path = AppDelegate.m; sourceTree = "<group>"; };
		FE03CB57186FA95900A8A399 /* Base */ = {isa = PBXFileReference; lastKnownFileType = file.storyboard; name = Base; path = Base.lproj/Main.storyboard; sourceTree = "<group>"; };
		FE03CB59186FA95900A8A399 /* DemoViewController.h */ = {isa = PBXFileReference; lastKnownFileType = sourcecode.c.h; path = DemoViewController.h; sourceTree = "<group>"; };
		FE03CB5A186FA95900A8A399 /* DemoViewController.m */ = {isa = PBXFileReference; lastKnownFileType = sourcecode.c.objc; path = DemoViewController.m; sourceTree = "<group>"; };
		FE03CB5C186FA95900A8A399 /* Images.xcassets */ = {isa = PBXFileReference; lastKnownFileType = folder.assetcatalog; path = Images.xcassets; sourceTree = "<group>"; };
		FE03CB62186FA95900A8A399 /* MBInfinitePagingViewTests.xctest */ = {isa = PBXFileReference; explicitFileType = wrapper.cfbundle; includeInIndex = 0; path = MBInfinitePagingViewTests.xctest; sourceTree = BUILT_PRODUCTS_DIR; };
		FE03CB63186FA95900A8A399 /* XCTest.framework */ = {isa = PBXFileReference; lastKnownFileType = wrapper.framework; name = XCTest.framework; path = Library/Frameworks/XCTest.framework; sourceTree = DEVELOPER_DIR; };
		FE03CB6B186FA95900A8A399 /* MBInfinitePagingViewTests-Info.plist */ = {isa = PBXFileReference; lastKnownFileType = text.plist.xml; path = "MBInfinitePagingViewTests-Info.plist"; sourceTree = "<group>"; };
		FE03CB6D186FA95900A8A399 /* en */ = {isa = PBXFileReference; lastKnownFileType = text.plist.strings; name = en; path = en.lproj/InfoPlist.strings; sourceTree = "<group>"; };
		FE03CB6F186FA95900A8A399 /* MBInfinitePagingViewTests.m */ = {isa = PBXFileReference; lastKnownFileType = sourcecode.c.objc; path = MBInfinitePagingViewTests.m; sourceTree = "<group>"; };
		FE03CB79186FAE4400A8A399 /* MBInfinitePaingView.h */ = {isa = PBXFileReference; fileEncoding = 4; lastKnownFileType = sourcecode.c.h; path = MBInfinitePaingView.h; sourceTree = "<group>"; };
		FE03CB7A186FAE4400A8A399 /* MBInfinitePaingView.m */ = {isa = PBXFileReference; fileEncoding = 4; lastKnownFileType = sourcecode.c.objc; path = MBInfinitePaingView.m; sourceTree = "<group>"; };
		FE146C7A18713A3200544F1D /* MBPagingViewItem.h */ = {isa = PBXFileReference; fileEncoding = 4; lastKnownFileType = sourcecode.c.h; path = MBPagingViewItem.h; sourceTree = "<group>"; };
		FE146C7B18713A3200544F1D /* MBPagingViewItem.m */ = {isa = PBXFileReference; fileEncoding = 4; lastKnownFileType = sourcecode.c.objc; path = MBPagingViewItem.m; sourceTree = "<group>"; };
/* End PBXFileReference section */

/* Begin PBXFrameworksBuildPhase section */
		FE03CB3E186FA95900A8A399 /* Frameworks */ = {
			isa = PBXFrameworksBuildPhase;
			buildActionMask = 2147483647;
			files = (
				FE03CB47186FA95900A8A399 /* CoreGraphics.framework in Frameworks */,
				FE03CB49186FA95900A8A399 /* UIKit.framework in Frameworks */,
				FE03CB45186FA95900A8A399 /* Foundation.framework in Frameworks */,
			);
			runOnlyForDeploymentPostprocessing = 0;
		};
		FE03CB5F186FA95900A8A399 /* Frameworks */ = {
			isa = PBXFrameworksBuildPhase;
			buildActionMask = 2147483647;
			files = (
				FE03CB64186FA95900A8A399 /* XCTest.framework in Frameworks */,
				FE03CB66186FA95900A8A399 /* UIKit.framework in Frameworks */,
				FE03CB65186FA95900A8A399 /* Foundation.framework in Frameworks */,
			);
			runOnlyForDeploymentPostprocessing = 0;
		};
/* End PBXFrameworksBuildPhase section */

/* Begin PBXGroup section */
		FE03CB38186FA95900A8A399 = {
			isa = PBXGroup;
			children = (
				FE03CB4A186FA95900A8A399 /* MBInfinitePagingView */,
				FE03CB69186FA95900A8A399 /* MBInfinitePagingViewTests */,
				FE03CB43186FA95900A8A399 /* Frameworks */,
				FE03CB42186FA95900A8A399 /* Products */,
			);
			sourceTree = "<group>";
		};
		FE03CB42186FA95900A8A399 /* Products */ = {
			isa = PBXGroup;
			children = (
				FE03CB41186FA95900A8A399 /* MBInfinitePagingView.app */,
				FE03CB62186FA95900A8A399 /* MBInfinitePagingViewTests.xctest */,
			);
			name = Products;
			sourceTree = "<group>";
		};
		FE03CB43186FA95900A8A399 /* Frameworks */ = {
			isa = PBXGroup;
			children = (
				FE03CB44186FA95900A8A399 /* Foundation.framework */,
				FE03CB46186FA95900A8A399 /* CoreGraphics.framework */,
				FE03CB48186FA95900A8A399 /* UIKit.framework */,
				FE03CB63186FA95900A8A399 /* XCTest.framework */,
			);
			name = Frameworks;
			sourceTree = "<group>";
		};
		FE03CB4A186FA95900A8A399 /* MBInfinitePagingView */ = {
			isa = PBXGroup;
			children = (
				FE03CB53186FA95900A8A399 /* AppDelegate.h */,
				FE03CB54186FA95900A8A399 /* AppDelegate.m */,
				FE03CB56186FA95900A8A399 /* Main.storyboard */,
				FE03CB59186FA95900A8A399 /* DemoViewController.h */,
				FE03CB5A186FA95900A8A399 /* DemoViewController.m */,
				FE03CB79186FAE4400A8A399 /* MBInfinitePaingView.h */,
				FE03CB7A186FAE4400A8A399 /* MBInfinitePaingView.m */,
				FE146C7A18713A3200544F1D /* MBPagingViewItem.h */,
				FE146C7B18713A3200544F1D /* MBPagingViewItem.m */,
				FE03CB5C186FA95900A8A399 /* Images.xcassets */,
				FE03CB4B186FA95900A8A399 /* Supporting Files */,
			);
			path = MBInfinitePagingView;
			sourceTree = "<group>";
		};
		FE03CB4B186FA95900A8A399 /* Supporting Files */ = {
			isa = PBXGroup;
			children = (
				FE03CB4C186FA95900A8A399 /* MBInfinitePagingView-Info.plist */,
				FE03CB4D186FA95900A8A399 /* InfoPlist.strings */,
				FE03CB50186FA95900A8A399 /* main.m */,
				FE03CB52186FA95900A8A399 /* MBInfinitePagingView-Prefix.pch */,
			);
			name = "Supporting Files";
			sourceTree = "<group>";
		};
		FE03CB69186FA95900A8A399 /* MBInfinitePagingViewTests */ = {
			isa = PBXGroup;
			children = (
				FE03CB6F186FA95900A8A399 /* MBInfinitePagingViewTests.m */,
				FE03CB6A186FA95900A8A399 /* Supporting Files */,
			);
			path = MBInfinitePagingViewTests;
			sourceTree = SOURCE_ROOT;
		};
		FE03CB6A186FA95900A8A399 /* Supporting Files */ = {
			isa = PBXGroup;
			children = (
				FE03CB6B186FA95900A8A399 /* MBInfinitePagingViewTests-Info.plist */,
				FE03CB6C186FA95900A8A399 /* InfoPlist.strings */,
			);
			name = "Supporting Files";
			sourceTree = "<group>";
		};
/* End PBXGroup section */

/* Begin PBXNativeTarget section */
		FE03CB40186FA95900A8A399 /* MBInfinitePagingView */ = {
			isa = PBXNativeTarget;
			buildConfigurationList = FE03CB73186FA95900A8A399 /* Build configuration list for PBXNativeTarget "MBInfinitePagingView" */;
			buildPhases = (
				FE03CB3D186FA95900A8A399 /* Sources */,
				FE03CB3E186FA95900A8A399 /* Frameworks */,
				FE03CB3F186FA95900A8A399 /* Resources */,
			);
			buildRules = (
			);
			dependencies = (
			);
			name = MBInfinitePagingView;
			productName = MBInfinitePagingView;
			productReference = FE03CB41186FA95900A8A399 /* MBInfinitePagingView.app */;
			productType = "com.apple.product-type.application";
		};
		FE03CB61186FA95900A8A399 /* MBInfinitePagingViewTests */ = {
			isa = PBXNativeTarget;
			buildConfigurationList = FE03CB76186FA95900A8A399 /* Build configuration list for PBXNativeTarget "MBInfinitePagingViewTests" */;
			buildPhases = (
				FE03CB5E186FA95900A8A399 /* Sources */,
				FE03CB5F186FA95900A8A399 /* Frameworks */,
				FE03CB60186FA95900A8A399 /* Resources */,
			);
			buildRules = (
			);
			dependencies = (
				FE03CB68186FA95900A8A399 /* PBXTargetDependency */,
			);
			name = MBInfinitePagingViewTests;
			productName = MBInfinitePagingViewTests;
			productReference = FE03CB62186FA95900A8A399 /* MBInfinitePagingViewTests.xctest */;
			productType = "com.apple.product-type.bundle.unit-test";
		};
/* End PBXNativeTarget section */

/* Begin PBXProject section */
		FE03CB39186FA95900A8A399 /* Project object */ = {
			isa = PBXProject;
			attributes = {
				LastUpgradeCheck = 0500;
				ORGANIZATIONNAME = Semtle_men;
				TargetAttributes = {
					FE03CB61186FA95900A8A399 = {
						TestTargetID = FE03CB40186FA95900A8A399;
					};
				};
			};
			buildConfigurationList = FE03CB3C186FA95900A8A399 /* Build configuration list for PBXProject "MBInfinitePagingView" */;
			compatibilityVersion = "Xcode 3.2";
			developmentRegion = English;
			hasScannedForEncodings = 0;
			knownRegions = (
				en,
				Base,
			);
			mainGroup = FE03CB38186FA95900A8A399;
			productRefGroup = FE03CB42186FA95900A8A399 /* Products */;
			projectDirPath = "";
			projectRoot = "";
			targets = (
				FE03CB40186FA95900A8A399 /* MBInfinitePagingView */,
				FE03CB61186FA95900A8A399 /* MBInfinitePagingViewTests */,
			);
		};
/* End PBXProject section */

/* Begin PBXResourcesBuildPhase section */
		FE03CB3F186FA95900A8A399 /* Resources */ = {
			isa = PBXResourcesBuildPhase;
			buildActionMask = 2147483647;
			files = (
				FE03CB5D186FA95900A8A399 /* Images.xcassets in Resources */,
				FE03CB4F186FA95900A8A399 /* InfoPlist.strings in Resources */,
				FE03CB58186FA95900A8A399 /* Main.storyboard in Resources */,
			);
			runOnlyForDeploymentPostprocessing = 0;
		};
		FE03CB60186FA95900A8A399 /* Resources */ = {
			isa = PBXResourcesBuildPhase;
			buildActionMask = 2147483647;
			files = (
				FE03CB6E186FA95900A8A399 /* InfoPlist.strings in Resources */,
			);
			runOnlyForDeploymentPostprocessing = 0;
		};
/* End PBXResourcesBuildPhase section */

/* Begin PBXSourcesBuildPhase section */
		FE03CB3D186FA95900A8A399 /* Sources */ = {
			isa = PBXSourcesBuildPhase;
			buildActionMask = 2147483647;
			files = (
				FE03CB5B186FA95900A8A399 /* DemoViewController.m in Sources */,
				FE03CB55186FA95900A8A399 /* AppDelegate.m in Sources */,
				FE03CB51186FA95900A8A399 /* main.m in Sources */,
				FE03CB7B186FAE4400A8A399 /* MBInfinitePaingView.m in Sources */,
				FE146C7C18713A3200544F1D /* MBPagingViewItem.m in Sources */,
			);
			runOnlyForDeploymentPostprocessing = 0;
		};
		FE03CB5E186FA95900A8A399 /* Sources */ = {
			isa = PBXSourcesBuildPhase;
			buildActionMask = 2147483647;
			files = (
				FE03CB70186FA95900A8A399 /* MBInfinitePagingViewTests.m in Sources */,
			);
			runOnlyForDeploymentPostprocessing = 0;
		};
/* End PBXSourcesBuildPhase section */

/* Begin PBXTargetDependency section */
		FE03CB68186FA95900A8A399 /* PBXTargetDependency */ = {
			isa = PBXTargetDependency;
			target = FE03CB40186FA95900A8A399 /* MBInfinitePagingView */;
			targetProxy = FE03CB67186FA95900A8A399 /* PBXContainerItemProxy */;
		};
/* End PBXTargetDependency section */

/* Begin PBXVariantGroup section */
		FE03CB4D186FA95900A8A399 /* InfoPlist.strings */ = {
			isa = PBXVariantGroup;
			children = (
				FE03CB4E186FA95900A8A399 /* en */,
			);
			name = InfoPlist.strings;
			sourceTree = "<group>";
		};
		FE03CB56186FA95900A8A399 /* Main.storyboard */ = {
			isa = PBXVariantGroup;
			children = (
				FE03CB57186FA95900A8A399 /* Base */,
			);
			name = Main.storyboard;
			sourceTree = "<group>";
		};
		FE03CB6C186FA95900A8A399 /* InfoPlist.strings */ = {
			isa = PBXVariantGroup;
			children = (
				FE03CB6D186FA95900A8A399 /* en */,
			);
			name = InfoPlist.strings;
			sourceTree = "<group>";
		};
/* End PBXVariantGroup section */

/* Begin XCBuildConfiguration section */
		FE03CB71186FA95900A8A399 /* Debug */ = {
			isa = XCBuildConfiguration;
			buildSettings = {
				ALWAYS_SEARCH_USER_PATHS = NO;
				ARCHS = "$(ARCHS_STANDARD_INCLUDING_64_BIT)";
				CLANG_CXX_LANGUAGE_STANDARD = "gnu++0x";
				CLANG_CXX_LIBRARY = "libc++";
				CLANG_ENABLE_MODULES = YES;
				CLANG_ENABLE_OBJC_ARC = YES;
				CLANG_WARN_BOOL_CONVERSION = YES;
				CLANG_WARN_CONSTANT_CONVERSION = YES;
				CLANG_WARN_DIRECT_OBJC_ISA_USAGE = YES_ERROR;
				CLANG_WARN_EMPTY_BODY = YES;
				CLANG_WARN_ENUM_CONVERSION = YES;
				CLANG_WARN_INT_CONVERSION = YES;
				CLANG_WARN_OBJC_ROOT_CLASS = YES_ERROR;
				CLANG_WARN__DUPLICATE_METHOD_MATCH = YES;
				"CODE_SIGN_IDENTITY[sdk=iphoneos*]" = "iPhone Developer";
				COPY_PHASE_STRIP = NO;
				GCC_C_LANGUAGE_STANDARD = gnu99;
				GCC_DYNAMIC_NO_PIC = NO;
				GCC_OPTIMIZATION_LEVEL = 0;
				GCC_PREPROCESSOR_DEFINITIONS = (
					"DEBUG=1",
					"$(inherited)",
				);
				GCC_SYMBOLS_PRIVATE_EXTERN = NO;
				GCC_WARN_64_TO_32_BIT_CONVERSION = YES;
				GCC_WARN_ABOUT_RETURN_TYPE = YES_ERROR;
				GCC_WARN_UNDECLARED_SELECTOR = YES;
				GCC_WARN_UNINITIALIZED_AUTOS = YES;
				GCC_WARN_UNUSED_FUNCTION = YES;
				GCC_WARN_UNUSED_VARIABLE = YES;
				IPHONEOS_DEPLOYMENT_TARGET = 7.0;
				ONLY_ACTIVE_ARCH = YES;
				SDKROOT = iphoneos;
			};
			name = Debug;
		};
		FE03CB72186FA95900A8A399 /* Release */ = {
			isa = XCBuildConfiguration;
			buildSettings = {
				ALWAYS_SEARCH_USER_PATHS = NO;
				ARCHS = "$(ARCHS_STANDARD_INCLUDING_64_BIT)";
				CLANG_CXX_LANGUAGE_STANDARD = "gnu++0x";
				CLANG_CXX_LIBRARY = "libc++";
				CLANG_ENABLE_MODULES = YES;
				CLANG_ENABLE_OBJC_ARC = YES;
				CLANG_WARN_BOOL_CONVERSION = YES;
				CLANG_WARN_CONSTANT_CONVERSION = YES;
				CLANG_WARN_DIRECT_OBJC_ISA_USAGE = YES_ERROR;
				CLANG_WARN_EMPTY_BODY = YES;
				CLANG_WARN_ENUM_CONVERSION = YES;
				CLANG_WARN_INT_CONVERSION = YES;
				CLANG_WARN_OBJC_ROOT_CLASS = YES_ERROR;
				CLANG_WARN__DUPLICATE_METHOD_MATCH = YES;
				"CODE_SIGN_IDENTITY[sdk=iphoneos*]" = "iPhone Developer";
				COPY_PHASE_STRIP = YES;
				ENABLE_NS_ASSERTIONS = NO;
				GCC_C_LANGUAGE_STANDARD = gnu99;
				GCC_WARN_64_TO_32_BIT_CONVERSION = YES;
				GCC_WARN_ABOUT_RETURN_TYPE = YES_ERROR;
				GCC_WARN_UNDECLARED_SELECTOR = YES;
				GCC_WARN_UNINITIALIZED_AUTOS = YES;
				GCC_WARN_UNUSED_FUNCTION = YES;
				GCC_WARN_UNUSED_VARIABLE = YES;
				IPHONEOS_DEPLOYMENT_TARGET = 7.0;
				SDKROOT = iphoneos;
				VALIDATE_PRODUCT = YES;
			};
			name = Release;
		};
		FE03CB74186FA95900A8A399 /* Debug */ = {
			isa = XCBuildConfiguration;
			buildSettings = {
				ASSETCATALOG_COMPILER_APPICON_NAME = AppIcon;
				ASSETCATALOG_COMPILER_LAUNCHIMAGE_NAME = LaunchImage;
				GCC_PRECOMPILE_PREFIX_HEADER = YES;
				GCC_PREFIX_HEADER = "MBInfinitePagingView/MBInfinitePagingView-Prefix.pch";
				INFOPLIST_FILE = "MBInfinitePagingView/MBInfinitePagingView-Info.plist";
				PRODUCT_NAME = "$(TARGET_NAME)";
				WRAPPER_EXTENSION = app;
			};
			name = Debug;
		};
		FE03CB75186FA95900A8A399 /* Release */ = {
			isa = XCBuildConfiguration;
			buildSettings = {
				ASSETCATALOG_COMPILER_APPICON_NAME = AppIcon;
				ASSETCATALOG_COMPILER_LAUNCHIMAGE_NAME = LaunchImage;
				GCC_PRECOMPILE_PREFIX_HEADER = YES;
				GCC_PREFIX_HEADER = "MBInfinitePagingView/MBInfinitePagingView-Prefix.pch";
				INFOPLIST_FILE = "MBInfinitePagingView/MBInfinitePagingView-Info.plist";
				PRODUCT_NAME = "$(TARGET_NAME)";
				WRAPPER_EXTENSION = app;
			};
			name = Release;
		};
		FE03CB77186FA95900A8A399 /* Debug */ = {
			isa = XCBuildConfiguration;
			buildSettings = {
				ARCHS = "$(ARCHS_STANDARD_INCLUDING_64_BIT)";
				BUNDLE_LOADER = "$(BUILT_PRODUCTS_DIR)/MBInfinitePagingView.app/MBInfinitePagingView";
				FRAMEWORK_SEARCH_PATHS = (
					"$(SDKROOT)/Developer/Library/Frameworks",
					"$(inherited)",
					"$(DEVELOPER_FRAMEWORKS_DIR)",
				);
				GCC_PRECOMPILE_PREFIX_HEADER = YES;
				GCC_PREFIX_HEADER = "MBInfinitePagingView/MBInfinitePagingView-Prefix.pch";
				GCC_PREPROCESSOR_DEFINITIONS = (
					"DEBUG=1",
					"$(inherited)",
				);
				INFOPLIST_FILE = "MBInfinitePagingViewTests/MBInfinitePagingViewTests-Info.plist";
				PRODUCT_NAME = "$(TARGET_NAME)";
				TEST_HOST = "$(BUNDLE_LOADER)";
				WRAPPER_EXTENSION = xctest;
			};
			name = Debug;
		};
		FE03CB78186FA95900A8A399 /* Release */ = {
			isa = XCBuildConfiguration;
			buildSettings = {
				ARCHS = "$(ARCHS_STANDARD_INCLUDING_64_BIT)";
				BUNDLE_LOADER = "$(BUILT_PRODUCTS_DIR)/MBInfinitePagingView.app/MBInfinitePagingView";
				FRAMEWORK_SEARCH_PATHS = (
					"$(SDKROOT)/Developer/Library/Frameworks",
					"$(inherited)",
					"$(DEVELOPER_FRAMEWORKS_DIR)",
				);
				GCC_PRECOMPILE_PREFIX_HEADER = YES;
				GCC_PREFIX_HEADER = "MBInfinitePagingView/MBInfinitePagingView-Prefix.pch";
				INFOPLIST_FILE = "MBInfinitePagingViewTests/MBInfinitePagingViewTests-Info.plist";
				PRODUCT_NAME = "$(TARGET_NAME)";
				TEST_HOST = "$(BUNDLE_LOADER)";
				WRAPPER_EXTENSION = xctest;
			};
			name = Release;
		};
/* End XCBuildConfiguration section */

/* Begin XCConfigurationList section */
		FE03CB3C186FA95900A8A399 /* Build configuration list for PBXProject "MBInfinitePagingView" */ = {
			isa = XCConfigurationList;
			buildConfigurations = (
				FE03CB71186FA95900A8A399 /* Debug */,
				FE03CB72186FA95900A8A399 /* Release */,
			);
			defaultConfigurationIsVisible = 0;
			defaultConfigurationName = Release;
		};
		FE03CB73186FA95900A8A399 /* Build configuration list for PBXNativeTarget "MBInfinitePagingView" */ = {
			isa = XCConfigurationList;
			buildConfigurations = (
				FE03CB74186FA95900A8A399 /* Debug */,
				FE03CB75186FA95900A8A399 /* Release */,
			);
			defaultConfigurationIsVisible = 0;
			defaultConfigurationName = Release;
		};
		FE03CB76186FA95900A8A399 /* Build configuration list for PBXNativeTarget "MBInfinitePagingViewTests" */ = {
			isa = XCConfigurationList;
			buildConfigurations = (
				FE03CB77186FA95900A8A399 /* Debug */,
				FE03CB78186FA95900A8A399 /* Release */,
			);
			defaultConfigurationIsVisible = 0;
			defaultConfigurationName = Release;
		};
/* End XCConfigurationList section */
	};
	rootObject = FE03CB39186FA95900A8A399 /* Project object */;
}
